
Microsoft Visual Studio Solution File, Format Version 12.00
# Visual Studio Version 16
VisualStudioVersion = 16.0.29613.14
MinimumVisualStudioVersion = 10.0.40219.1
Project("{2150E333-8FDC-42A3-9474-1A3956D46DE8}") = "Solution Items", "Solution Items", "{DC14B82E-2FB2-4530-A4C3-0C597DEF9F9C}"
	ProjectSection(SolutionItems) = preProject
		README.md = README.md
	EndProjectSection
EndProject
Project("{FAE04EC0-301F-11D3-BF4B-00C04F79EFBC}") = "VersionService", "VersionService\VersionService.csproj", "{C0C24969-95AA-48FA-9EDB-65917DD6C47F}"
EndProject
Global
	GlobalSection(SolutionConfigurationPlatforms) = preSolution
		Debug|Any CPU = Debug|Any CPU
		Release|Any CPU = Release|Any CPU
	EndGlobalSection
	GlobalSection(ProjectConfigurationPlatforms) = postSolution
		{C0C24969-95AA-48FA-9EDB-65917DD6C47F}.Debug|Any CPU.ActiveCfg = Debug|Any CPU
		{C0C24969-95AA-48FA-9EDB-65917DD6C47F}.Debug|Any CPU.Build.0 = Debug|Any CPU
		{C0C24969-95AA-48FA-9EDB-65917DD6C47F}.Release|Any CPU.ActiveCfg = Release|Any CPU
		{C0C24969-95AA-48FA-9EDB-65917DD6C47F}.Release|Any CPU.Build.0 = Release|Any CPU
	EndGlobalSection
	GlobalSection(SolutionProperties) = preSolution
		HideSolutionNode = FALSE
	EndGlobalSection
	GlobalSection(ExtensibilityGlobals) = postSolution
		SolutionGuid = {EF20899F-9313-4FA5-8718-B7DFACA0CFBC}
	EndGlobalSection
EndGlobal
